
Microsoft Visual Studio Solution File, Format Version 11.00
# Visual Studio 2010
Project("{FAE04EC0-301F-11D3-BF4B-00C04F79EFBC}") = "Chat", "Learning networking\Chat.csproj", "{CEFB44F7-E36B-4702-AFE7-95312DCE8CE8}"
EndProject
Project("{FAE04EC0-301F-11D3-BF4B-00C04F79EFBC}") = "ConsoleSidescroll", "ConsoleSidescroll\ConsoleSidescroll.csproj", "{86FD9431-95FA-4B27-8A49-29D6F3C23098}"
EndProject
Project("{FAE04EC0-301F-11D3-BF4B-00C04F79EFBC}") = "XnaMultiplayerGame", "XnaMultiplayerGame\XnaMultiplayerGame\XnaMultiplayerGame.csproj", "{760A1A4A-BF73-4052-960E-FC066C909642}"
EndProject
Project("{96E2B04D-8817-42C6-938A-82C39BA4D311}") = "XnaMultiplayerGameContent", "XnaMultiplayerGame\XnaMultiplayerGameContent\XnaMultiplayerGameContent.contentproj", "{A3854134-6826-411E-B0B1-408549A246B3}"
EndProject
Global
	GlobalSection(SolutionConfigurationPlatforms) = preSolution
		Debug|x86 = Debug|x86
		Release|x86 = Release|x86
	EndGlobalSection
	GlobalSection(ProjectConfigurationPlatforms) = postSolution
		{CEFB44F7-E36B-4702-AFE7-95312DCE8CE8}.Debug|x86.ActiveCfg = Debug|x86
		{CEFB44F7-E36B-4702-AFE7-95312DCE8CE8}.Debug|x86.Build.0 = Debug|x86
		{CEFB44F7-E36B-4702-AFE7-95312DCE8CE8}.Release|x86.ActiveCfg = Release|x86
		{CEFB44F7-E36B-4702-AFE7-95312DCE8CE8}.Release|x86.Build.0 = Release|x86
		{86FD9431-95FA-4B27-8A49-29D6F3C23098}.Debug|x86.ActiveCfg = Debug|x86
		{86FD9431-95FA-4B27-8A49-29D6F3C23098}.Debug|x86.Build.0 = Debug|x86
		{86FD9431-95FA-4B27-8A49-29D6F3C23098}.Release|x86.ActiveCfg = Release|x86
		{86FD9431-95FA-4B27-8A49-29D6F3C23098}.Release|x86.Build.0 = Release|x86
		{760A1A4A-BF73-4052-960E-FC066C909642}.Debug|x86.ActiveCfg = Debug|x86
		{760A1A4A-BF73-4052-960E-FC066C909642}.Debug|x86.Build.0 = Debug|x86
		{760A1A4A-BF73-4052-960E-FC066C909642}.Release|x86.ActiveCfg = Release|x86
		{760A1A4A-BF73-4052-960E-FC066C909642}.Release|x86.Build.0 = Release|x86
		{A3854134-6826-411E-B0B1-408549A246B3}.Debug|x86.ActiveCfg = Debug|x86
		{A3854134-6826-411E-B0B1-408549A246B3}.Release|x86.ActiveCfg = Release|x86
	EndGlobalSection
	GlobalSection(SolutionProperties) = preSolution
		HideSolutionNode = FALSE
	EndGlobalSection
EndGlobal
